{
  "name": "autojoin-bot",
  "version": "0.1.0",
  "lockfileVersion": 3,
  "requires": true,
  "packages": {
    "": {
      "name": "autojoin-bot",
      "version": "0.1.0",
      "dependencies": {
        "@provablehq/sdk": "^0.11.9",
        "@serenity-kit/noble-sodium": "0.2.3"
      },
      "engines": {
        "node": ">=20"
      }
    },
    "node_modules/@noble/ciphers": {
      "version": "2.4.0",
      "resolved": "https://registry.npmjs.org/@noble/ciphers/-/ciphers-2.4.0.tgz",
      "integrity": "sha512-AnjFn0Jv92laAkvMrghlFZq4qQCIN/4DxFV/eooqtC2YTjB7kBeLMS2T9KJX4Dn+ZVXLOwK0lSgqDtx9gvxtiw==",
      "license": "MIT",
      "engines": {
        "node": ">= 20.19.0"
      },
      "funding": {
        "url": "https://paulmillr.com/funding/"
      }
    },
    "node_modules/@noble/curves": {
      "version": "2.4.0",
      "resolved": "https://registry.npmjs.org/@noble/curves/-/curves-2.4.0.tgz",
      "integrity": "sha512-P4/62zrgfH33CneE3Dn4WhJVA22YUU0eR51wKIan4NVRvwsA0YnPTwWGpNbpuacSujmSFLvyzpyuR30+fbq2Ew==",
      "license": "MIT",
      "dependencies": {
        "@noble/hashes": "2.4.0"
      },
      "engines": {
        "node": ">= 20.19.0"
      },
      "funding": {
        "url": "https://paulmillr.com/funding/"
      }
    },
    "node_modules/@noble/hashes": {
      "version": "2.4.0",
      "resolved": "https://registry.npmjs.org/@noble/hashes/-/hashes-2.4.0.tgz",
      "integrity": "sha512-X5XaVWZIBCT7HHZGm5I7ZQXDwLG+bGXuSrMQAW+7Zvl87h1kmc1ZB1VSRJcpUfoUrGQp4Fkoxm5kZ+Ms+aW+eA==",
      "license": "MIT",
      "engines": {
        "node": ">= 20.19.0"
      },
      "funding": {
        "url": "https://paulmillr.com/funding/"
      }
    },
    "node_modules/@provablehq/sdk": {
      "version": "0.11.9",
      "resolved": "https://registry.npmjs.org/@provablehq/sdk/-/sdk-0.11.9.tgz",
      "integrity": "sha512-YJqbj9eBnLqJuq4FvR2ZUNouSGSdDO8F/Mfy0a6u2mUX8pThk0Bp9gwkzohTGnqKmofsoiQB9y6Sp7u6fj9ZIw==",
      "license": "GPL-3.0",
      "dependencies": {
        "@provablehq/wasm": "^0.11.9",
        "@scure/base": "^2.0.0",
        "@serenity-kit/noble-sodium": "0.2.3",
        "comlink": "^4.4.2",
        "core-js": "^3.40.0",
        "mime": "^4.0.6",
        "xmlhttprequest-ssl": "^4.0.0"
      }
    },
    "node_modules/@provablehq/wasm": {
      "version": "0.11.9",
      "resolved": "https://registry.npmjs.org/@provablehq/wasm/-/wasm-0.11.9.tgz",
      "integrity": "sha512-ZqSPR6IOljKElyYg8p9eMrTP9VjVSN3zLzZQkf8s4UcctZjoJQIfkk6ksbrSK1phcTRKQcvcLFCuCKLLQ+ODRg==",
      "license": "GPL-3.0"
    },
    "node_modules/@scure/base": {
      "version": "2.4.0",
      "resolved": "https://registry.npmjs.org/@scure/base/-/base-2.4.0.tgz",
      "integrity": "sha512-thZ1TuJwFwBblOhgsjDKvvGirBxNp+wSvY/DR6tJBJOTDhdAAcHJ8Vbr2eFnqaxeca4+t0i9KBf+uHYGWwZORg==",
      "license": "MIT",
      "funding": {
        "url": "https://paulmillr.com/funding/"
      }
    },
    "node_modules/@serenity-kit/noble-sodium": {
      "version": "0.2.3",
      "resolved": "https://registry.npmjs.org/@serenity-kit/noble-sodium/-/noble-sodium-0.2.3.tgz",
      "integrity": "sha512-/IQuvJHJXg8M8SvrZexB/kI5vP0jkoMhNglFpm12h1SitJldncoOA0aF5asvtybJ8nldnkA/HwGEvEL7t+VIyw==",
      "license": "MIT",
      "dependencies": {
        "@noble/ciphers": "^2.1.1",
        "@noble/curves": "^2.0.1",
        "@noble/hashes": "^2.0.1"
      }
    },
    "node_modules/comlink": {
      "version": "4.4.2",
      "resolved": "https://registry.npmjs.org/comlink/-/comlink-4.4.2.tgz",
      "integrity": "sha512-OxGdvBmJuNKSCMO4NTl1L47VRp6xn2wG4F/2hYzB6tiCb709otOxtEYCSvK80PtjODfXXZu8ds+Nw5kVCjqd2g==",
      "license": "Apache-2.0"
    },
    "node_modules/core-js": {
      "version": "3.50.0",
      "resolved": "https://registry.npmjs.org/core-js/-/core-js-3.50.0.tgz",
      "integrity": "sha512-BRWgOLKkFeCgRudR6zrs8p9XJZcE14grzKMMssoYrk6krtuEZ7MTKPIY5RzOnqsEKIR9kst7wNzphttraT+Yqw==",
      "hasInstallScript": true,
      "license": "MIT",
      "engines": {
        "node": "*"
      },
      "funding": {
        "type": "opencollective",
        "url": "https://opencollective.com/core-js"
      }
    },
    "node_modules/mime": {
      "version": "4.1.0",
      "resolved": "https://registry.npmjs.org/mime/-/mime-4.1.0.tgz",
      "integrity": "sha512-X5ju04+cAzsojXKes0B/S4tcYtFAJ6tTMuSPBEn9CPGlrWr8Fiw7qYeLT0XyH80HSoAoqWCaz+MWKh22P7G1cw==",
      "funding": [
        "https://github.com/sponsors/broofa"
      ],
      "license": "MIT",
      "bin": {
        "mime": "bin/cli.js"
      },
      "engines": {
        "node": ">=16"
      }
    },
    "node_modules/xmlhttprequest-ssl": {
      "version": "4.0.0",
      "resolved": "https://registry.npmjs.org/xmlhttprequest-ssl/-/xmlhttprequest-ssl-4.0.0.tgz",
      "integrity": "sha512-b7DXzbCm8VWmII2mQiQHy5VG1L6YBUnNxuCooldWpMUXTwa08uXEz1q5Nv6wlULnSI5GiHuwBIq6pNJrqRh/8Q==",
      "engines": {
        "node": ">=13.0.0"
      }
    }
  }
}
